// !$*UTF8*$!
{
	archiveVersion = 1;
	classes = {
	};
	objectVersion = 77;
	objects = {

/* Begin PBXBuildFile section */
		04947CB12E2BA04800ED472E /* FirebaseAnalytics in Frameworks */ = {isa = PBXBuildFile; productRef = 04947CB02E2BA04800ED472E /* FirebaseAnalytics */; };
		04947CB32E2BA04800ED472E /* FirebaseAuth in Frameworks */ = {isa = PBXBuildFile; productRef = 04947CB22E2BA04800ED472E /* FirebaseAuth */; };
		04947CB52E2BA04800ED472E /* FirebaseCore in Frameworks */ = {isa = PBXBuildFile; productRef = 04947CB42E2BA04800ED472E /* FirebaseCore */; };
		04947CB72E2BA04800ED472E /* FirebaseFirestore in Frameworks */ = {isa = PBXBuildFile; productRef = 04947CB62E2BA04800ED472E /* FirebaseFirestore */; };
		04947CB92E2BA04800ED472E /* FirebaseStorage in Frameworks */ = {isa = PBXBuildFile; productRef = 04947CB82E2BA04800ED472E /* FirebaseStorage */; };
		870562662E32352000E59026 /* SingInView.swift in Sources */ = {isa = PBXBuildFile; fileRef = 870562612E32352000E59026 /* SingInView.swift */; };
		8705626D2E32357E00E59026 /* AppDelegate.swift in Sources */ = {isa = PBXBuildFile; fileRef = 8705626C2E32357900E59026 /* AppDelegate.swift */; };
		8705626E2E3235C000E59026 /* AuthViewModel.swift in Sources */ = {isa = PBXBuildFile; fileRef = 8705626B2E32355F00E59026 /* AuthViewModel.swift */; };
		870562712E32373600E59026 /* SignUpView.swift in Sources */ = {isa = PBXBuildFile; fileRef = 870562702E32373100E59026 /* SignUpView.swift */; };
		870562742E32389800E59026 /* AuthView.swift in Sources */ = {isa = PBXBuildFile; fileRef = 870562732E32389700E59026 /* AuthView.swift */; };
		870562772E32394400E59026 /* CShape1.swift in Sources */ = {isa = PBXBuildFile; fileRef = 870562762E32391700E59026 /* CShape1.swift */; };
		870562792E323F0E00E59026 /* GoogleService-Info.plist in Resources */ = {isa = PBXBuildFile; fileRef = 870562782E323F0E00E59026 /* GoogleService-Info.plist */; };
		8705627F2E32622B00E59026 /* Preview Assets.xcassets in Resources */ = {isa = PBXBuildFile; fileRef = 8705627A2E32622B00E59026 /* Preview Assets.xcassets */; };
		870562802E32622B00E59026 /* ProfileScreen.swift in Sources */ = {isa = PBXBuildFile; fileRef = 8705627C2E32622B00E59026 /* ProfileScreen.swift */; };
		870562832E32649B00E59026 /* FirebaseStorage.swift in Sources */ = {isa = PBXBuildFile; fileRef = 870562822E32649900E59026 /* FirebaseStorage.swift */; };
		975F2E142E3121A900E10838 /* App.swift in Sources */ = {isa = PBXBuildFile; fileRef = 975F2E0C2E3121A900E10838 /* App.swift */; };
		975F2E1B2E3121A900E10838 /* Assets.xcassets in Resources */ = {isa = PBXBuildFile; fileRef = 975F2E0E2E3121A900E10838 /* Assets.xcassets */; };
		9782212C2E329051008B4BD8 /* ProfileScreenViewModel.swift in Sources */ = {isa = PBXBuildFile; fileRef = 9782212B2E329051008B4BD8 /* ProfileScreenViewModel.swift */; };
		9782212F2E329CC9008B4BD8 /* SettingsView.swift in Sources */ = {isa = PBXBuildFile; fileRef = 9782212E2E329CC9008B4BD8 /* SettingsView.swift */; };
/* End PBXBuildFile section */

/* Begin PBXFileReference section */
		870562612E32352000E59026 /* SingInView.swift */ = {isa = PBXFileReference; lastKnownFileType = sourcecode.swift; path = SingInView.swift; sourceTree = "<group>"; };
		8705626B2E32355F00E59026 /* AuthViewModel.swift */ = {isa = PBXFileReference; lastKnownFileType = sourcecode.swift; path = AuthViewModel.swift; sourceTree = "<group>"; };
		8705626C2E32357900E59026 /* AppDelegate.swift */ = {isa = PBXFileReference; lastKnownFileType = sourcecode.swift; path = AppDelegate.swift; sourceTree = "<group>"; };
		870562702E32373100E59026 /* SignUpView.swift */ = {isa = PBXFileReference; lastKnownFileType = sourcecode.swift; path = SignUpView.swift; sourceTree = "<group>"; };
		870562732E32389700E59026 /* AuthView.swift */ = {isa = PBXFileReference; lastKnownFileType = sourcecode.swift; path = AuthView.swift; sourceTree = "<group>"; };
		870562762E32391700E59026 /* CShape1.swift */ = {isa = PBXFileReference; lastKnownFileType = sourcecode.swift; path = CShape1.swift; sourceTree = "<group>"; };
		870562782E323F0E00E59026 /* GoogleService-Info.plist */ = {isa = PBXFileReference; lastKnownFileType = text.plist.xml; path = "GoogleService-Info.plist"; sourceTree = "<group>"; };
		8705627A2E32622B00E59026 /* Preview Assets.xcassets */ = {isa = PBXFileReference; lastKnownFileType = folder.assetcatalog; path = "Preview Assets.xcassets"; sourceTree = "<group>"; };
		8705627C2E32622B00E59026 /* ProfileScreen.swift */ = {isa = PBXFileReference; lastKnownFileType = sourcecode.swift; path = ProfileScreen.swift; sourceTree = "<group>"; };
		870562822E32649900E59026 /* FirebaseStorage.swift */ = {isa = PBXFileReference; lastKnownFileType = sourcecode.swift; path = FirebaseStorage.swift; sourceTree = "<group>"; };
		971250492E312F96001DDD19 /* MindMates.app */ = {isa = PBXFileReference; explicitFileType = wrapper.application; includeInIndex = 0; path = MindMates.app; sourceTree = BUILT_PRODUCTS_DIR; };
		975F2E0C2E3121A900E10838 /* App.swift */ = {isa = PBXFileReference; lastKnownFileType = sourcecode.swift; path = App.swift; sourceTree = "<group>"; };
		975F2E0E2E3121A900E10838 /* Assets.xcassets */ = {isa = PBXFileReference; lastKnownFileType = folder.assetcatalog; path = Assets.xcassets; sourceTree = "<group>"; };
		9782212B2E329051008B4BD8 /* ProfileScreenViewModel.swift */ = {isa = PBXFileReference; lastKnownFileType = sourcecode.swift; path = ProfileScreenViewModel.swift; sourceTree = "<group>"; };
		9782212E2E329CC9008B4BD8 /* SettingsView.swift */ = {isa = PBXFileReference; lastKnownFileType = sourcecode.swift; path = SettingsView.swift; sourceTree = "<group>"; };
/* End PBXFileReference section */

/* Begin PBXFrameworksBuildPhase section */
		04947C992E2B9F0000ED472E /* Frameworks */ = {
			isa = PBXFrameworksBuildPhase;
			buildActionMask = 2147483647;
			files = (
				04947CB12E2BA04800ED472E /* FirebaseAnalytics in Frameworks */,
				04947CB72E2BA04800ED472E /* FirebaseFirestore in Frameworks */,
				04947CB52E2BA04800ED472E /* FirebaseCore in Frameworks */,
				04947CB92E2BA04800ED472E /* FirebaseStorage in Frameworks */,
				04947CB32E2BA04800ED472E /* FirebaseAuth in Frameworks */,
			);
			runOnlyForDeploymentPostprocessing = 0;
		};
/* End PBXFrameworksBuildPhase section */

/* Begin PBXGroup section */
		04947C932E2B9F0000ED472E = {
			isa = PBXGroup;
			children = (
				870562782E323F0E00E59026 /* GoogleService-Info.plist */,
				8705627A2E32622B00E59026 /* Preview Assets.xcassets */,
				975F2E0E2E3121A900E10838 /* Assets.xcassets */,
				975F2E0C2E3121A900E10838 /* App.swift */,
				870562752E32391300E59026 /* Views */,
				8705626A2E32355300E59026 /* Core */,
				971250802E313717001DDD19 /* Module */,
				971250492E312F96001DDD19 /* MindMates.app */,
			);
			sourceTree = "<group>";
		};
		8705626A2E32355300E59026 /* Core */ = {
			isa = PBXGroup;
			children = (
				870562822E32649900E59026 /* FirebaseStorage.swift */,
				8705626C2E32357900E59026 /* AppDelegate.swift */,
				8705626B2E32355F00E59026 /* AuthViewModel.swift */,
			);
			path = Core;
			sourceTree = "<group>";
		};
		8705626F2E32372000E59026 /* SignUp */ = {
			isa = PBXGroup;
			children = (
				870562702E32373100E59026 /* SignUpView.swift */,
			);
			path = SignUp;
			sourceTree = "<group>";
		};
		870562722E32389100E59026 /* Auth */ = {
			isa = PBXGroup;
			children = (
				870562732E32389700E59026 /* AuthView.swift */,
			);
			path = Auth;
			sourceTree = "<group>";
		};
		870562752E32391300E59026 /* Views */ = {
			isa = PBXGroup;
			children = (
				870562762E32391700E59026 /* CShape1.swift */,
			);
			path = Views;
			sourceTree = "<group>";
		};
		971250802E313717001DDD19 /* Module */ = {
			isa = PBXGroup;
			children = (
				9782212D2E329CB7008B4BD8 /* Settings */,
				870562722E32389100E59026 /* Auth */,
				8705626F2E32372000E59026 /* SignUp */,
				971250822E313731001DDD19 /* ProfileScreen */,
				971250812E313724001DDD19 /* SignIn */,
			);
			path = Module;
			sourceTree = "<group>";
		};
		971250812E313724001DDD19 /* SignIn */ = {
			isa = PBXGroup;
			children = (
				870562612E32352000E59026 /* SingInView.swift */,
			);
			path = SignIn;
			sourceTree = "<group>";
		};
		971250822E313731001DDD19 /* ProfileScreen */ = {
			isa = PBXGroup;
			children = (
				8705627C2E32622B00E59026 /* ProfileScreen.swift */,
				9782212B2E329051008B4BD8 /* ProfileScreenViewModel.swift */,
			);
			path = ProfileScreen;
			sourceTree = "<group>";
		};
		9782212D2E329CB7008B4BD8 /* Settings */ = {
			isa = PBXGroup;
			children = (
				9782212E2E329CC9008B4BD8 /* SettingsView.swift */,
			);
			path = Settings;
			sourceTree = "<group>";
		};
/* End PBXGroup section */

/* Begin PBXNativeTarget section */
		04947C9B2E2B9F0000ED472E /* MindMates */ = {
			isa = PBXNativeTarget;
			buildConfigurationList = 04947CAA2E2B9F0200ED472E /* Build configuration list for PBXNativeTarget "MindMates" */;
			buildPhases = (
				04947C982E2B9F0000ED472E /* Sources */,
				04947C992E2B9F0000ED472E /* Frameworks */,
				04947C9A2E2B9F0000ED472E /* Resources */,
			);
			buildRules = (
			);
			dependencies = (
			);
			name = MindMates;
			packageProductDependencies = (
				04947CB02E2BA04800ED472E /* FirebaseAnalytics */,
				04947CB22E2BA04800ED472E /* FirebaseAuth */,
				04947CB42E2BA04800ED472E /* FirebaseCore */,
				04947CB62E2BA04800ED472E /* FirebaseFirestore */,
				04947CB82E2BA04800ED472E /* FirebaseStorage */,
			);
			productName = MindMates;
			productReference = 971250492E312F96001DDD19 /* MindMates.app */;
			productType = "com.apple.product-type.application";
		};
/* End PBXNativeTarget section */

/* Begin PBXProject section */
		04947C942E2B9F0000ED472E /* Project object */ = {
			isa = PBXProject;
			attributes = {
				BuildIndependentTargetsInParallel = 1;
				LastSwiftUpdateCheck = 1620;
				LastUpgradeCheck = 1620;
				TargetAttributes = {
					04947C9B2E2B9F0000ED472E = {
						CreatedOnToolsVersion = 16.2;
					};
				};
			};
			buildConfigurationList = 04947C972E2B9F0000ED472E /* Build configuration list for PBXProject "MindMates" */;
			developmentRegion = en;
			hasScannedForEncodings = 0;
			knownRegions = (
				en,
				Base,
			);
			mainGroup = 04947C932E2B9F0000ED472E;
			minimizedProjectReferenceProxies = 1;
			packageReferences = (
				04947CAF2E2BA04800ED472E /* XCRemoteSwiftPackageReference "firebase-ios-sdk" */,
			);
			preferredProjectObjectVersion = 77;
			productRefGroup = 04947C932E2B9F0000ED472E;
			projectDirPath = "";
			projectRoot = "";
			targets = (
				04947C9B2E2B9F0000ED472E /* MindMates */,
			);
		};
/* End PBXProject section */

/* Begin PBXResourcesBuildPhase section */
		04947C9A2E2B9F0000ED472E /* Resources */ = {
			isa = PBXResourcesBuildPhase;
			buildActionMask = 2147483647;
			files = (
				975F2E1B2E3121A900E10838 /* Assets.xcassets in Resources */,
				8705627F2E32622B00E59026 /* Preview Assets.xcassets in Resources */,
				870562792E323F0E00E59026 /* GoogleService-Info.plist in Resources */,
			);
			runOnlyForDeploymentPostprocessing = 0;
		};
/* End PBXResourcesBuildPhase section */

/* Begin PBXSourcesBuildPhase section */
		04947C982E2B9F0000ED472E /* Sources */ = {
			isa = PBXSourcesBuildPhase;
			buildActionMask = 2147483647;
			files = (
				870562832E32649B00E59026 /* FirebaseStorage.swift in Sources */,
				8705626D2E32357E00E59026 /* AppDelegate.swift in Sources */,
				9782212C2E329051008B4BD8 /* ProfileScreenViewModel.swift in Sources */,
				870562802E32622B00E59026 /* ProfileScreen.swift in Sources */,
				870562772E32394400E59026 /* CShape1.swift in Sources */,
				8705626E2E3235C000E59026 /* AuthViewModel.swift in Sources */,
				870562712E32373600E59026 /* SignUpView.swift in Sources */,
				870562662E32352000E59026 /* SingInView.swift in Sources */,
				975F2E142E3121A900E10838 /* App.swift in Sources */,
				870562742E32389800E59026 /* AuthView.swift in Sources */,
				9782212F2E329CC9008B4BD8 /* SettingsView.swift in Sources */,
			);
			runOnlyForDeploymentPostprocessing = 0;
		};
/* End PBXSourcesBuildPhase section */

/* Begin XCBuildConfiguration section */
		04947CA82E2B9F0200ED472E /* Debug */ = {
			isa = XCBuildConfiguration;
			buildSettings = {
				ALWAYS_SEARCH_USER_PATHS = NO;
				ASSETCATALOG_COMPILER_GENERATE_SWIFT_ASSET_SYMBOL_EXTENSIONS = YES;
				CLANG_ANALYZER_NONNULL = YES;
				CLANG_ANALYZER_NUMBER_OBJECT_CONVERSION = YES_AGGRESSIVE;
				CLANG_CXX_LANGUAGE_STANDARD = "gnu++20";
				CLANG_ENABLE_MODULES = YES;
				CLANG_ENABLE_OBJC_ARC = YES;
				CLANG_ENABLE_OBJC_WEAK = YES;
				CLANG_WARN_BLOCK_CAPTURE_AUTORELEASING = YES;
				CLANG_WARN_BOOL_CONVERSION = YES;
				CLANG_WARN_COMMA = YES;
				CLANG_WARN_CONSTANT_CONVERSION = YES;
				CLANG_WARN_DEPRECATED_OBJC_IMPLEMENTATIONS = YES;
				CLANG_WARN_DIRECT_OBJC_ISA_USAGE = YES_ERROR;
				CLANG_WARN_DOCUMENTATION_COMMENTS = YES;
				CLANG_WARN_EMPTY_BODY = YES;
				CLANG_WARN_ENUM_CONVERSION = YES;
				CLANG_WARN_INFINITE_RECURSION = YES;
				CLANG_WARN_INT_CONVERSION = YES;
				CLANG_WARN_NON_LITERAL_NULL_CONVERSION = YES;
				CLANG_WARN_OBJC_IMPLICIT_RETAIN_SELF = YES;
				CLANG_WARN_OBJC_LITERAL_CONVERSION = YES;
				CLANG_WARN_OBJC_ROOT_CLASS = YES_ERROR;
				CLANG_WARN_QUOTED_INCLUDE_IN_FRAMEWORK_HEADER = YES;
				CLANG_WARN_RANGE_LOOP_ANALYSIS = YES;
				CLANG_WARN_STRICT_PROTOTYPES = YES;
				CLANG_WARN_SUSPICIOUS_MOVE = YES;
				CLANG_WARN_UNGUARDED_AVAILABILITY = YES_AGGRESSIVE;
				CLANG_WARN_UNREACHABLE_CODE = YES;
				CLANG_WARN__DUPLICATE_METHOD_MATCH = YES;
				COPY_PHASE_STRIP = NO;
				DEBUG_INFORMATION_FORMAT = dwarf;
				ENABLE_STRICT_OBJC_MSGSEND = YES;
				ENABLE_TESTABILITY = YES;
				ENABLE_USER_SCRIPT_SANDBOXING = YES;
				GCC_C_LANGUAGE_STANDARD = gnu17;
				GCC_DYNAMIC_NO_PIC = NO;
				GCC_NO_COMMON_BLOCKS = YES;
				GCC_OPTIMIZATION_LEVEL = 0;
				GCC_PREPROCESSOR_DEFINITIONS = (
					"DEBUG=1",
					"$(inherited)",
				);
				GCC_WARN_64_TO_32_BIT_CONVERSION = YES;
				GCC_WARN_ABOUT_RETURN_TYPE = YES_ERROR;
				GCC_WARN_UNDECLARED_SELECTOR = YES;
				GCC_WARN_UNINITIALIZED_AUTOS = YES_AGGRESSIVE;
				GCC_WARN_UNUSED_FUNCTION = YES;
				GCC_WARN_UNUSED_VARIABLE = YES;
				IPHONEOS_DEPLOYMENT_TARGET = 18.2;
				LOCALIZATION_PREFERS_STRING_CATALOGS = YES;
				MTL_ENABLE_DEBUG_INFO = INCLUDE_SOURCE;
				MTL_FAST_MATH = YES;
				ONLY_ACTIVE_ARCH = YES;
				SDKROOT = iphoneos;
				SWIFT_ACTIVE_COMPILATION_CONDITIONS = "DEBUG $(inherited)";
				SWIFT_OPTIMIZATION_LEVEL = "-Onone";
			};
			name = Debug;
		};
		04947CA92E2B9F0200ED472E /* Release */ = {
			isa = XCBuildConfiguration;
			buildSettings = {
				ALWAYS_SEARCH_USER_PATHS = NO;
				ASSETCATALOG_COMPILER_GENERATE_SWIFT_ASSET_SYMBOL_EXTENSIONS = YES;
				CLANG_ANALYZER_NONNULL = YES;
				CLANG_ANALYZER_NUMBER_OBJECT_CONVERSION = YES_AGGRESSIVE;
				CLANG_CXX_LANGUAGE_STANDARD = "gnu++20";
				CLANG_ENABLE_MODULES = YES;
				CLANG_ENABLE_OBJC_ARC = YES;
				CLANG_ENABLE_OBJC_WEAK = YES;
				CLANG_WARN_BLOCK_CAPTURE_AUTORELEASING = YES;
				CLANG_WARN_BOOL_CONVERSION = YES;
				CLANG_WARN_COMMA = YES;
				CLANG_WARN_CONSTANT_CONVERSION = YES;
				CLANG_WARN_DEPRECATED_OBJC_IMPLEMENTATIONS = YES;
				CLANG_WARN_DIRECT_OBJC_ISA_USAGE = YES_ERROR;
				CLANG_WARN_DOCUMENTATION_COMMENTS = YES;
				CLANG_WARN_EMPTY_BODY = YES;
				CLANG_WARN_ENUM_CONVERSION = YES;
				CLANG_WARN_INFINITE_RECURSION = YES;
				CLANG_WARN_INT_CONVERSION = YES;
				CLANG_WARN_NON_LITERAL_NULL_CONVERSION = YES;
				CLANG_WARN_OBJC_IMPLICIT_RETAIN_SELF = YES;
				CLANG_WARN_OBJC_LITERAL_CONVERSION = YES;
				CLANG_WARN_OBJC_ROOT_CLASS = YES_ERROR;
				CLANG_WARN_QUOTED_INCLUDE_IN_FRAMEWORK_HEADER = YES;
				CLANG_WARN_RANGE_LOOP_ANALYSIS = YES;
				CLANG_WARN_STRICT_PROTOTYPES = YES;
				CLANG_WARN_SUSPICIOUS_MOVE = YES;
				CLANG_WARN_UNGUARDED_AVAILABILITY = YES_AGGRESSIVE;
				CLANG_WARN_UNREACHABLE_CODE = YES;
				CLANG_WARN__DUPLICATE_METHOD_MATCH = YES;
				COPY_PHASE_STRIP = NO;
				DEBUG_INFORMATION_FORMAT = "dwarf-with-dsym";
				ENABLE_NS_ASSERTIONS = NO;
				ENABLE_STRICT_OBJC_MSGSEND = YES;
				ENABLE_USER_SCRIPT_SANDBOXING = YES;
				GCC_C_LANGUAGE_STANDARD = gnu17;
				GCC_NO_COMMON_BLOCKS = YES;
				GCC_WARN_64_TO_32_BIT_CONVERSION = YES;
				GCC_WARN_ABOUT_RETURN_TYPE = YES_ERROR;
				GCC_WARN_UNDECLARED_SELECTOR = YES;
				GCC_WARN_UNINITIALIZED_AUTOS = YES_AGGRESSIVE;
				GCC_WARN_UNUSED_FUNCTION = YES;
				GCC_WARN_UNUSED_VARIABLE = YES;
				IPHONEOS_DEPLOYMENT_TARGET = 18.2;
				LOCALIZATION_PREFERS_STRING_CATALOGS = YES;
				MTL_ENABLE_DEBUG_INFO = NO;
				MTL_FAST_MATH = YES;
				SDKROOT = iphoneos;
				SWIFT_COMPILATION_MODE = wholemodule;
				VALIDATE_PRODUCT = YES;
			};
			name = Release;
		};
		04947CAB2E2B9F0200ED472E /* Debug */ = {
			isa = XCBuildConfiguration;
			buildSettings = {
				ASSETCATALOG_COMPILER_APPICON_NAME = AppIcon;
				ASSETCATALOG_COMPILER_GLOBAL_ACCENT_COLOR_NAME = AccentColor;
				CODE_SIGN_STYLE = Automatic;
				CURRENT_PROJECT_VERSION = 1;
				DEVELOPMENT_ASSET_PATHS = "\"\"";
				DEVELOPMENT_TEAM = 855A8WYUB7;
				ENABLE_PREVIEWS = YES;
				GENERATE_INFOPLIST_FILE = YES;
				INFOPLIST_KEY_UIApplicationSceneManifest_Generation = YES;
				INFOPLIST_KEY_UIApplicationSupportsIndirectInputEvents = YES;
				INFOPLIST_KEY_UILaunchScreen_Generation = YES;
				INFOPLIST_KEY_UISupportedInterfaceOrientations = UIInterfaceOrientationPortrait;
				INFOPLIST_KEY_UISupportedInterfaceOrientations_iPad = "UIInterfaceOrientationLandscapeLeft UIInterfaceOrientationLandscapeRight UIInterfaceOrientationPortrait UIInterfaceOrientationPortraitUpsideDown";
				IPHONEOS_DEPLOYMENT_TARGET = 17.6;
				LD_RUNPATH_SEARCH_PATHS = (
					"$(inherited)",
					"@executable_path/Frameworks",
				);
				MARKETING_VERSION = 1.0;
				PRODUCT_BUNDLE_IDENTIFIER = com.company.MindMates;
				PRODUCT_NAME = "$(TARGET_NAME)";
				SUPPORTED_PLATFORMS = "iphoneos iphonesimulator";
				SUPPORTS_MACCATALYST = NO;
				SUPPORTS_MAC_DESIGNED_FOR_IPHONE_IPAD = NO;
				SUPPORTS_XR_DESIGNED_FOR_IPHONE_IPAD = NO;
				SWIFT_EMIT_LOC_STRINGS = YES;
				SWIFT_VERSION = 5.0;
				TARGETED_DEVICE_FAMILY = 1;
			};
			name = Debug;
		};
		04947CAC2E2B9F0200ED472E /* Release */ = {
			isa = XCBuildConfiguration;
			buildSettings = {
				ASSETCATALOG_COMPILER_APPICON_NAME = AppIcon;
				ASSETCATALOG_COMPILER_GLOBAL_ACCENT_COLOR_NAME = AccentColor;
				CODE_SIGN_STYLE = Automatic;
				CURRENT_PROJECT_VERSION = 1;
				DEVELOPMENT_ASSET_PATHS = "\"\"";
				DEVELOPMENT_TEAM = 855A8WYUB7;
				ENABLE_PREVIEWS = YES;
				GENERATE_INFOPLIST_FILE = YES;
				INFOPLIST_KEY_UIApplicationSceneManifest_Generation = YES;
				INFOPLIST_KEY_UIApplicationSupportsIndirectInputEvents = YES;
				INFOPLIST_KEY_UILaunchScreen_Generation = YES;
				INFOPLIST_KEY_UISupportedInterfaceOrientations = UIInterfaceOrientationPortrait;
				INFOPLIST_KEY_UISupportedInterfaceOrientations_iPad = "UIInterfaceOrientationLandscapeLeft UIInterfaceOrientationLandscapeRight UIInterfaceOrientationPortrait UIInterfaceOrientationPortraitUpsideDown";
				IPHONEOS_DEPLOYMENT_TARGET = 17.6;
				LD_RUNPATH_SEARCH_PATHS = (
					"$(inherited)",
					"@executable_path/Frameworks",
				);
				MARKETING_VERSION = 1.0;
				PRODUCT_BUNDLE_IDENTIFIER = com.company.MindMates;
				PRODUCT_NAME = "$(TARGET_NAME)";
				SUPPORTED_PLATFORMS = "iphoneos iphonesimulator";
				SUPPORTS_MACCATALYST = NO;
				SUPPORTS_MAC_DESIGNED_FOR_IPHONE_IPAD = NO;
				SUPPORTS_XR_DESIGNED_FOR_IPHONE_IPAD = NO;
				SWIFT_EMIT_LOC_STRINGS = YES;
				SWIFT_VERSION = 5.0;
				TARGETED_DEVICE_FAMILY = 1;
			};
			name = Release;
		};
/* End XCBuildConfiguration section */

/* Begin XCConfigurationList section */
		04947C972E2B9F0000ED472E /* Build configuration list for PBXProject "MindMates" */ = {
			isa = XCConfigurationList;
			buildConfigurations = (
				04947CA82E2B9F0200ED472E /* Debug */,
				04947CA92E2B9F0200ED472E /* Release */,
			);
			defaultConfigurationIsVisible = 0;
			defaultConfigurationName = Release;
		};
		04947CAA2E2B9F0200ED472E /* Build configuration list for PBXNativeTarget "MindMates" */ = {
			isa = XCConfigurationList;
			buildConfigurations = (
				04947CAB2E2B9F0200ED472E /* Debug */,
				04947CAC2E2B9F0200ED472E /* Release */,
			);
			defaultConfigurationIsVisible = 0;
			defaultConfigurationName = Release;
		};
/* End XCConfigurationList section */

/* Begin XCRemoteSwiftPackageReference section */
		04947CAF2E2BA04800ED472E /* XCRemoteSwiftPackageReference "firebase-ios-sdk" */ = {
			isa = XCRemoteSwiftPackageReference;
			repositoryURL = "https://github.com/firebase/firebase-ios-sdk.git";
			requirement = {
				kind = upToNextMajorVersion;
				minimumVersion = 12.0.0;
			};
		};
/* End XCRemoteSwiftPackageReference section */

/* Begin XCSwiftPackageProductDependency section */
		04947CB02E2BA04800ED472E /* FirebaseAnalytics */ = {
			isa = XCSwiftPackageProductDependency;
			package = 04947CAF2E2BA04800ED472E /* XCRemoteSwiftPackageReference "firebase-ios-sdk" */;
			productName = FirebaseAnalytics;
		};
		04947CB22E2BA04800ED472E /* FirebaseAuth */ = {
			isa = XCSwiftPackageProductDependency;
			package = 04947CAF2E2BA04800ED472E /* XCRemoteSwiftPackageReference "firebase-ios-sdk" */;
			productName = FirebaseAuth;
		};
		04947CB42E2BA04800ED472E /* FirebaseCore */ = {
			isa = XCSwiftPackageProductDependency;
			package = 04947CAF2E2BA04800ED472E /* XCRemoteSwiftPackageReference "firebase-ios-sdk" */;
			productName = FirebaseCore;
		};
		04947CB62E2BA04800ED472E /* FirebaseFirestore */ = {
			isa = XCSwiftPackageProductDependency;
			package = 04947CAF2E2BA04800ED472E /* XCRemoteSwiftPackageReference "firebase-ios-sdk" */;
			productName = FirebaseFirestore;
		};
		04947CB82E2BA04800ED472E /* FirebaseStorage */ = {
			isa = XCSwiftPackageProductDependency;
			package = 04947CAF2E2BA04800ED472E /* XCRemoteSwiftPackageReference "firebase-ios-sdk" */;
			productName = FirebaseStorage;
		};
/* End XCSwiftPackageProductDependency section */
	};
	rootObject = 04947C942E2B9F0000ED472E /* Project object */;
}
